// !$*UTF8*$!
{
	archiveVersion = 1;
	classes = {
	};
	objectVersion = 46;
	objects = {

/* Begin PBXBuildFile section */
		8B9143601C8EA5A70088C8F5 /* SwiftTools.h in Headers */ = {isa = PBXBuildFile; fileRef = 8B91435F1C8EA5A70088C8F5 /* SwiftTools.h */; settings = {ATTRIBUTES = (Public, ); }; };
		8BB968271DD535090047EFDE /* AssociatedList.swift in Sources */ = {isa = PBXBuildFile; fileRef = 8BB968151DD535090047EFDE /* AssociatedList.swift */; };
		8BB968281DD535090047EFDE /* Collections.swift in Sources */ = {isa = PBXBuildFile; fileRef = 8BB968161DD535090047EFDE /* Collections.swift */; };
		8BB9682A1DD535090047EFDE /* Layout.swift in Sources */ = {isa = PBXBuildFile; fileRef = 8BB968181DD535090047EFDE /* Layout.swift */; };
		8BB9682B1DD535090047EFDE /* LifeCycle.swift in Sources */ = {isa = PBXBuildFile; fileRef = 8BB968191DD535090047EFDE /* LifeCycle.swift */; };
		8BB9682C1DD535090047EFDE /* LocationHandler.swift in Sources */ = {isa = PBXBuildFile; fileRef = 8BB9681A1DD535090047EFDE /* LocationHandler.swift */; };
		8BB9682D1DD535090047EFDE /* MapKit.swift in Sources */ = {isa = PBXBuildFile; fileRef = 8BB9681B1DD535090047EFDE /* MapKit.swift */; };
		8BB9682E1DD535090047EFDE /* Messages.swift in Sources */ = {isa = PBXBuildFile; fileRef = 8BB9681C1DD535090047EFDE /* Messages.swift */; };
		8BB9682F1DD535090047EFDE /* Process.swift in Sources */ = {isa = PBXBuildFile; fileRef = 8BB9681D1DD535090047EFDE /* Process.swift */; };
		8BB968301DD535090047EFDE /* RandomGenerators.swift in Sources */ = {isa = PBXBuildFile; fileRef = 8BB9681E1DD535090047EFDE /* RandomGenerators.swift */; };
		8BB968311DD535090047EFDE /* Representation.swift in Sources */ = {isa = PBXBuildFile; fileRef = 8BB9681F1DD535090047EFDE /* Representation.swift */; };
		8BB968321DD535090047EFDE /* Sequences.swift in Sources */ = {isa = PBXBuildFile; fileRef = 8BB968201DD535090047EFDE /* Sequences.swift */; };
		8BB968331DD535090047EFDE /* Session-Structure.swift in Sources */ = {isa = PBXBuildFile; fileRef = 8BB968211DD535090047EFDE /* Session-Structure.swift */; };
		8BB968341DD535090047EFDE /* Session.swift in Sources */ = {isa = PBXBuildFile; fileRef = 8BB968221DD535090047EFDE /* Session.swift */; };
		8BB968351DD535090047EFDE /* SortingAndFiltering.swift in Sources */ = {isa = PBXBuildFile; fileRef = 8BB968231DD535090047EFDE /* SortingAndFiltering.swift */; };
		8BB968361DD535090047EFDE /* Standard.swift in Sources */ = {isa = PBXBuildFile; fileRef = 8BB968241DD535090047EFDE /* Standard.swift */; };
		8BB968371DD535090047EFDE /* UI.swift in Sources */ = {isa = PBXBuildFile; fileRef = 8BB968251DD535090047EFDE /* UI.swift */; };
		8BB968381DD535090047EFDE /* UIKit.swift in Sources */ = {isa = PBXBuildFile; fileRef = 8BB968261DD535090047EFDE /* UIKit.swift */; };
		8BB968431DD535520047EFDE /* CloudKit.swift in Sources */ = {isa = PBXBuildFile; fileRef = 8BB968401DD535520047EFDE /* CloudKit.swift */; };
		8BB968441DD535520047EFDE /* CoreData.swift in Sources */ = {isa = PBXBuildFile; fileRef = 8BB968411DD535520047EFDE /* CoreData.swift */; };
		8BB968451DD535520047EFDE /* Miscellaneous.swift in Sources */ = {isa = PBXBuildFile; fileRef = 8BB968421DD535520047EFDE /* Miscellaneous.swift */; };
		8BEC296F1DD529CD00611A6A /* Operators.swift in Sources */ = {isa = PBXBuildFile; fileRef = 8BEC296E1DD529CC00611A6A /* Operators.swift */; };
/* End PBXBuildFile section */

/* Begin PBXFileReference section */
		8B91435C1C8EA5A70088C8F5 /* SwiftTools.framework */ = {isa = PBXFileReference; explicitFileType = wrapper.framework; includeInIndex = 0; path = SwiftTools.framework; sourceTree = BUILT_PRODUCTS_DIR; };
		8B91435F1C8EA5A70088C8F5 /* SwiftTools.h */ = {isa = PBXFileReference; lastKnownFileType = sourcecode.c.h; path = SwiftTools.h; sourceTree = "<group>"; };
		8B9143611C8EA5A70088C8F5 /* Info.plist */ = {isa = PBXFileReference; lastKnownFileType = text.plist.xml; path = Info.plist; sourceTree = "<group>"; };
		8BB968151DD535090047EFDE /* AssociatedList.swift */ = {isa = PBXFileReference; fileEncoding = 4; lastKnownFileType = sourcecode.swift; path = AssociatedList.swift; sourceTree = "<group>"; };
		8BB968161DD535090047EFDE /* Collections.swift */ = {isa = PBXFileReference; fileEncoding = 4; lastKnownFileType = sourcecode.swift; path = Collections.swift; sourceTree = "<group>"; };
		8BB968181DD535090047EFDE /* Layout.swift */ = {isa = PBXFileReference; fileEncoding = 4; lastKnownFileType = sourcecode.swift; path = Layout.swift; sourceTree = "<group>"; };
		8BB968191DD535090047EFDE /* LifeCycle.swift */ = {isa = PBXFileReference; fileEncoding = 4; lastKnownFileType = sourcecode.swift; path = LifeCycle.swift; sourceTree = "<group>"; };
		8BB9681A1DD535090047EFDE /* LocationHandler.swift */ = {isa = PBXFileReference; fileEncoding = 4; lastKnownFileType = sourcecode.swift; path = LocationHandler.swift; sourceTree = "<group>"; };
		8BB9681B1DD535090047EFDE /* MapKit.swift */ = {isa = PBXFileReference; fileEncoding = 4; lastKnownFileType = sourcecode.swift; path = MapKit.swift; sourceTree = "<group>"; };
		8BB9681C1DD535090047EFDE /* Messages.swift */ = {isa = PBXFileReference; fileEncoding = 4; lastKnownFileType = sourcecode.swift; path = Messages.swift; sourceTree = "<group>"; };
		8BB9681D1DD535090047EFDE /* Process.swift */ = {isa = PBXFileReference; fileEncoding = 4; lastKnownFileType = sourcecode.swift; path = Process.swift; sourceTree = "<group>"; };
		8BB9681E1DD535090047EFDE /* RandomGenerators.swift */ = {isa = PBXFileReference; fileEncoding = 4; lastKnownFileType = sourcecode.swift; path = RandomGenerators.swift; sourceTree = "<group>"; };
		8BB9681F1DD535090047EFDE /* Representation.swift */ = {isa = PBXFileReference; fileEncoding = 4; lastKnownFileType = sourcecode.swift; path = Representation.swift; sourceTree = "<group>"; };
		8BB968201DD535090047EFDE /* Sequences.swift */ = {isa = PBXFileReference; fileEncoding = 4; lastKnownFileType = sourcecode.swift; path = Sequences.swift; sourceTree = "<group>"; };
		8BB968211DD535090047EFDE /* Session-Structure.swift */ = {isa = PBXFileReference; fileEncoding = 4; lastKnownFileType = sourcecode.swift; path = "Session-Structure.swift"; sourceTree = "<group>"; };
		8BB968221DD535090047EFDE /* Session.swift */ = {isa = PBXFileReference; fileEncoding = 4; lastKnownFileType = sourcecode.swift; path = Session.swift; sourceTree = "<group>"; };
		8BB968231DD535090047EFDE /* SortingAndFiltering.swift */ = {isa = PBXFileReference; fileEncoding = 4; lastKnownFileType = sourcecode.swift; path = SortingAndFiltering.swift; sourceTree = "<group>"; };
		8BB968241DD535090047EFDE /* Standard.swift */ = {isa = PBXFileReference; fileEncoding = 4; lastKnownFileType = sourcecode.swift; path = Standard.swift; sourceTree = "<group>"; };
		8BB968251DD535090047EFDE /* UI.swift */ = {isa = PBXFileReference; fileEncoding = 4; lastKnownFileType = sourcecode.swift; path = UI.swift; sourceTree = "<group>"; };
		8BB968261DD535090047EFDE /* UIKit.swift */ = {isa = PBXFileReference; fileEncoding = 4; lastKnownFileType = sourcecode.swift; path = UIKit.swift; sourceTree = "<group>"; };
		8BB968401DD535520047EFDE /* CloudKit.swift */ = {isa = PBXFileReference; fileEncoding = 4; lastKnownFileType = sourcecode.swift; name = CloudKit.swift; path = Extensions/CloudKit.swift; sourceTree = "<group>"; };
		8BB968411DD535520047EFDE /* CoreData.swift */ = {isa = PBXFileReference; fileEncoding = 4; lastKnownFileType = sourcecode.swift; name = CoreData.swift; path = Extensions/CoreData.swift; sourceTree = "<group>"; };
		8BB968421DD535520047EFDE /* Miscellaneous.swift */ = {isa = PBXFileReference; fileEncoding = 4; lastKnownFileType = sourcecode.swift; name = Miscellaneous.swift; path = Extensions/Miscellaneous.swift; sourceTree = "<group>"; };
		8BEC296E1DD529CC00611A6A /* Operators.swift */ = {isa = PBXFileReference; fileEncoding = 4; lastKnownFileType = sourcecode.swift; path = Operators.swift; sourceTree = "<group>"; };
/* End PBXFileReference section */

/* Begin PBXFrameworksBuildPhase section */
		8B9143581C8EA5A70088C8F5 /* Frameworks */ = {
			isa = PBXFrameworksBuildPhase;
			buildActionMask = 2147483647;
			files = (
			);
			runOnlyForDeploymentPostprocessing = 0;
		};
/* End PBXFrameworksBuildPhase section */

/* Begin PBXGroup section */
		8B9143521C8EA5A70088C8F5 = {
			isa = PBXGroup;
			children = (
				8B91435E1C8EA5A70088C8F5 /* SwiftTools */,
				8B91435D1C8EA5A70088C8F5 /* Products */,
			);
			sourceTree = "<group>";
		};
		8B91435D1C8EA5A70088C8F5 /* Products */ = {
			isa = PBXGroup;
			children = (
				8B91435C1C8EA5A70088C8F5 /* SwiftTools.framework */,
			);
			name = Products;
			sourceTree = "<group>";
		};
		8B91435E1C8EA5A70088C8F5 /* SwiftTools */ = {
			isa = PBXGroup;
			children = (
				8BEC296E1DD529CC00611A6A /* Operators.swift */,
				8BB968401DD535520047EFDE /* CloudKit.swift */,
				8BB968411DD535520047EFDE /* CoreData.swift */,
				8BB968421DD535520047EFDE /* Miscellaneous.swift */,
				8BB968151DD535090047EFDE /* AssociatedList.swift */,
				8BB968181DD535090047EFDE /* Layout.swift */,
				8BB968191DD535090047EFDE /* LifeCycle.swift */,
				8BB9681A1DD535090047EFDE /* LocationHandler.swift */,
				8BB9681B1DD535090047EFDE /* MapKit.swift */,
				8BB9681C1DD535090047EFDE /* Messages.swift */,
				8BB968161DD535090047EFDE /* Collections.swift */,
				8BB9681D1DD535090047EFDE /* Process.swift */,
				8BB9681E1DD535090047EFDE /* RandomGenerators.swift */,
				8BB9681F1DD535090047EFDE /* Representation.swift */,
				8BB968201DD535090047EFDE /* Sequences.swift */,
				8BB968211DD535090047EFDE /* Session-Structure.swift */,
				8BB968221DD535090047EFDE /* Session.swift */,
				8BB968231DD535090047EFDE /* SortingAndFiltering.swift */,
				8BB968241DD535090047EFDE /* Standard.swift */,
				8BB968251DD535090047EFDE /* UI.swift */,
				8BB968261DD535090047EFDE /* UIKit.swift */,
				8B91435F1C8EA5A70088C8F5 /* SwiftTools.h */,
				8B9143611C8EA5A70088C8F5 /* Info.plist */,
			);
			path = SwiftTools;
			sourceTree = "<group>";
		};
/* End PBXGroup section */

/* Begin PBXHeadersBuildPhase section */
		8B9143591C8EA5A70088C8F5 /* Headers */ = {
			isa = PBXHeadersBuildPhase;
			buildActionMask = 2147483647;
			files = (
				8B9143601C8EA5A70088C8F5 /* SwiftTools.h in Headers */,
			);
			runOnlyForDeploymentPostprocessing = 0;
		};
/* End PBXHeadersBuildPhase section */

/* Begin PBXNativeTarget section */
		8B91435B1C8EA5A70088C8F5 /* SwiftTools */ = {
			isa = PBXNativeTarget;
			buildConfigurationList = 8B9143641C8EA5A70088C8F5 /* Build configuration list for PBXNativeTarget "SwiftTools" */;
			buildPhases = (
				8B9143571C8EA5A70088C8F5 /* Sources */,
				8B9143581C8EA5A70088C8F5 /* Frameworks */,
				8B9143591C8EA5A70088C8F5 /* Headers */,
				8B91435A1C8EA5A70088C8F5 /* Resources */,
			);
			buildRules = (
			);
			dependencies = (
			);
			name = SwiftTools;
			productName = SwiftTools;
			productReference = 8B91435C1C8EA5A70088C8F5 /* SwiftTools.framework */;
			productType = "com.apple.product-type.framework";
		};
/* End PBXNativeTarget section */

/* Begin PBXProject section */
		8B9143531C8EA5A70088C8F5 /* Project object */ = {
			isa = PBXProject;
			attributes = {
				LastUpgradeCheck = 0800;
				ORGANIZATIONNAME = JwitApps;
				TargetAttributes = {
					8B91435B1C8EA5A70088C8F5 = {
						CreatedOnToolsVersion = 7.2.1;
						LastSwiftMigration = 0810;
					};
				};
			};
			buildConfigurationList = 8B9143561C8EA5A70088C8F5 /* Build configuration list for PBXProject "SwiftTools" */;
			compatibilityVersion = "Xcode 3.2";
			developmentRegion = English;
			hasScannedForEncodings = 0;
			knownRegions = (
				en,
			);
			mainGroup = 8B9143521C8EA5A70088C8F5;
			productRefGroup = 8B91435D1C8EA5A70088C8F5 /* Products */;
			projectDirPath = "";
			projectRoot = "";
			targets = (
				8B91435B1C8EA5A70088C8F5 /* SwiftTools */,
			);
		};
/* End PBXProject section */

/* Begin PBXResourcesBuildPhase section */
		8B91435A1C8EA5A70088C8F5 /* Resources */ = {
			isa = PBXResourcesBuildPhase;
			buildActionMask = 2147483647;
			files = (
			);
			runOnlyForDeploymentPostprocessing = 0;
		};
/* End PBXResourcesBuildPhase section */

/* Begin PBXSourcesBuildPhase section */
		8B9143571C8EA5A70088C8F5 /* Sources */ = {
			isa = PBXSourcesBuildPhase;
			buildActionMask = 2147483647;
			files = (
				8BB968341DD535090047EFDE /* Session.swift in Sources */,
				8BB968281DD535090047EFDE /* Collections.swift in Sources */,
				8BB9682E1DD535090047EFDE /* Messages.swift in Sources */,
				8BB968321DD535090047EFDE /* Sequences.swift in Sources */,
				8BB968441DD535520047EFDE /* CoreData.swift in Sources */,
				8BB968381DD535090047EFDE /* UIKit.swift in Sources */,
				8BB968301DD535090047EFDE /* RandomGenerators.swift in Sources */,
				8BB968311DD535090047EFDE /* Representation.swift in Sources */,
				8BB968451DD535520047EFDE /* Miscellaneous.swift in Sources */,
				8BB968371DD535090047EFDE /* UI.swift in Sources */,
				8BB968351DD535090047EFDE /* SortingAndFiltering.swift in Sources */,
				8BB968331DD535090047EFDE /* Session-Structure.swift in Sources */,
				8BB9682A1DD535090047EFDE /* Layout.swift in Sources */,
				8BB9682D1DD535090047EFDE /* MapKit.swift in Sources */,
				8BB968361DD535090047EFDE /* Standard.swift in Sources */,
				8BEC296F1DD529CD00611A6A /* Operators.swift in Sources */,
				8BB9682F1DD535090047EFDE /* Process.swift in Sources */,
				8BB9682C1DD535090047EFDE /* LocationHandler.swift in Sources */,
				8BB968431DD535520047EFDE /* CloudKit.swift in Sources */,
				8BB9682B1DD535090047EFDE /* LifeCycle.swift in Sources */,
				8BB968271DD535090047EFDE /* AssociatedList.swift in Sources */,
			);
			runOnlyForDeploymentPostprocessing = 0;
		};
/* End PBXSourcesBuildPhase section */

/* Begin XCBuildConfiguration section */
		8B9143621C8EA5A70088C8F5 /* Debug */ = {
			isa = XCBuildConfiguration;
			buildSettings = {
				ALWAYS_SEARCH_USER_PATHS = NO;
				CLANG_CXX_LANGUAGE_STANDARD = "gnu++0x";
				CLANG_CXX_LIBRARY = "libc++";
				CLANG_ENABLE_MODULES = YES;
				CLANG_ENABLE_OBJC_ARC = YES;
				CLANG_WARN_BOOL_CONVERSION = YES;
				CLANG_WARN_CONSTANT_CONVERSION = YES;
				CLANG_WARN_DIRECT_OBJC_ISA_USAGE = YES_ERROR;
				CLANG_WARN_EMPTY_BODY = YES;
				CLANG_WARN_ENUM_CONVERSION = YES;
				CLANG_WARN_INFINITE_RECURSION = YES;
				CLANG_WARN_INT_CONVERSION = YES;
				CLANG_WARN_OBJC_ROOT_CLASS = YES_ERROR;
				CLANG_WARN_SUSPICIOUS_MOVE = YES;
				CLANG_WARN_UNREACHABLE_CODE = YES;
				CLANG_WARN__DUPLICATE_METHOD_MATCH = YES;
				"CODE_SIGN_IDENTITY[sdk=iphoneos*]" = "iPhone Developer";
				COPY_PHASE_STRIP = NO;
				CURRENT_PROJECT_VERSION = 1;
				DEBUG_INFORMATION_FORMAT = dwarf;
				ENABLE_STRICT_OBJC_MSGSEND = YES;
				ENABLE_TESTABILITY = YES;
				GCC_C_LANGUAGE_STANDARD = gnu99;
				GCC_DYNAMIC_NO_PIC = NO;
				GCC_NO_COMMON_BLOCKS = YES;
				GCC_OPTIMIZATION_LEVEL = 0;
				GCC_PREPROCESSOR_DEFINITIONS = (
					"DEBUG=1",
					"$(inherited)",
				);
				GCC_WARN_64_TO_32_BIT_CONVERSION = YES;
				GCC_WARN_ABOUT_RETURN_TYPE = YES_ERROR;
				GCC_WARN_UNDECLARED_SELECTOR = YES;
				GCC_WARN_UNINITIALIZED_AUTOS = YES_AGGRESSIVE;
				GCC_WARN_UNUSED_FUNCTION = YES;
				GCC_WARN_UNUSED_VARIABLE = YES;
				IPHONEOS_DEPLOYMENT_TARGET = 9.0;
				MTL_ENABLE_DEBUG_INFO = YES;
				"MTL_ENABLE_DEBUG_INFO[arch=*]" = YES;
				ONLY_ACTIVE_ARCH = YES;
				SDKROOT = iphoneos;
				SWIFT_OPTIMIZATION_LEVEL = "-Onone";
				SWIFT_VERSION = 3.0;
				TARGETED_DEVICE_FAMILY = "1,2";
				VERSIONING_SYSTEM = "apple-generic";
				VERSION_INFO_PREFIX = "";
			};
			name = Debug;
		};
		8B9143631C8EA5A70088C8F5 /* Release */ = {
			isa = XCBuildConfiguration;
			buildSettings = {
				ALWAYS_SEARCH_USER_PATHS = NO;
				CLANG_CXX_LANGUAGE_STANDARD = "gnu++0x";
				CLANG_CXX_LIBRARY = "libc++";
				CLANG_ENABLE_MODULES = YES;
				CLANG_ENABLE_OBJC_ARC = YES;
				CLANG_WARN_BOOL_CONVERSION = YES;
				CLANG_WARN_CONSTANT_CONVERSION = YES;
				CLANG_WARN_DIRECT_OBJC_ISA_USAGE = YES_ERROR;
				CLANG_WARN_EMPTY_BODY = YES;
				CLANG_WARN_ENUM_CONVERSION = YES;
				CLANG_WARN_INFINITE_RECURSION = YES;
				CLANG_WARN_INT_CONVERSION = YES;
				CLANG_WARN_OBJC_ROOT_CLASS = YES_ERROR;
				CLANG_WARN_SUSPICIOUS_MOVE = YES;
				CLANG_WARN_UNREACHABLE_CODE = YES;
				CLANG_WARN__DUPLICATE_METHOD_MATCH = YES;
				"CODE_SIGN_IDENTITY[sdk=iphoneos*]" = "iPhone Developer";
				COPY_PHASE_STRIP = NO;
				CURRENT_PROJECT_VERSION = 1;
				DEBUG_INFORMATION_FORMAT = "dwarf-with-dsym";
				ENABLE_NS_ASSERTIONS = NO;
				ENABLE_STRICT_OBJC_MSGSEND = YES;
				GCC_C_LANGUAGE_STANDARD = gnu99;
				GCC_NO_COMMON_BLOCKS = YES;
				GCC_WARN_64_TO_32_BIT_CONVERSION = YES;
				GCC_WARN_ABOUT_RETURN_TYPE = YES_ERROR;
				GCC_WARN_UNDECLARED_SELECTOR = YES;
				GCC_WARN_UNINITIALIZED_AUTOS = YES_AGGRESSIVE;
				GCC_WARN_UNUSED_FUNCTION = YES;
				GCC_WARN_UNUSED_VARIABLE = YES;
				IPHONEOS_DEPLOYMENT_TARGET = 9.0;
				MTL_ENABLE_DEBUG_INFO = NO;
				SDKROOT = iphoneos;
				SWIFT_OPTIMIZATION_LEVEL = "-Owholemodule";
				SWIFT_VERSION = 3.0;
				TARGETED_DEVICE_FAMILY = "1,2";
				VALIDATE_PRODUCT = YES;
				VERSIONING_SYSTEM = "apple-generic";
				VERSION_INFO_PREFIX = "";
			};
			name = Release;
		};
		8B9143651C8EA5A70088C8F5 /* Debug */ = {
			isa = XCBuildConfiguration;
			buildSettings = {
				CLANG_ENABLE_MODULES = YES;
				"CODE_SIGN_IDENTITY[sdk=iphoneos*]" = "";
				DEFINES_MODULE = YES;
				DYLIB_COMPATIBILITY_VERSION = 1;
				DYLIB_CURRENT_VERSION = 1;
				DYLIB_INSTALL_NAME_BASE = "@rpath";
				ENABLE_BITCODE = NO;
				INFOPLIST_FILE = SwiftTools/Info.plist;
				INSTALL_PATH = "$(LOCAL_LIBRARY_DIR)/Frameworks";
				IPHONEOS_DEPLOYMENT_TARGET = 8.0;
				LD_RUNPATH_SEARCH_PATHS = "$(inherited) @executable_path/Frameworks @loader_path/Frameworks";
				PRODUCT_BUNDLE_IDENTIFIER = com.jwitapps.SwiftTools;
				PRODUCT_NAME = "$(TARGET_NAME)";
				SKIP_INSTALL = YES;
				SWIFT_OPTIMIZATION_LEVEL = "-Onone";
				SWIFT_VERSION = 3.0.1;
			};
			name = Debug;
		};
		8B9143661C8EA5A70088C8F5 /* Release */ = {
			isa = XCBuildConfiguration;
			buildSettings = {
				CLANG_ENABLE_MODULES = YES;
				"CODE_SIGN_IDENTITY[sdk=iphoneos*]" = "";
				DEFINES_MODULE = YES;
				DYLIB_COMPATIBILITY_VERSION = 1;
				DYLIB_CURRENT_VERSION = 1;
				DYLIB_INSTALL_NAME_BASE = "@rpath";
				ENABLE_BITCODE = NO;
				INFOPLIST_FILE = SwiftTools/Info.plist;
				INSTALL_PATH = "$(LOCAL_LIBRARY_DIR)/Frameworks";
				IPHONEOS_DEPLOYMENT_TARGET = 8.0;
				LD_RUNPATH_SEARCH_PATHS = "$(inherited) @executable_path/Frameworks @loader_path/Frameworks";
				PRODUCT_BUNDLE_IDENTIFIER = com.jwitapps.SwiftTools;
				PRODUCT_NAME = "$(TARGET_NAME)";
				SKIP_INSTALL = YES;
				SWIFT_VERSION = 3.0.1;
			};
			name = Release;
		};
/* End XCBuildConfiguration section */

/* Begin XCConfigurationList section */
		8B9143561C8EA5A70088C8F5 /* Build configuration list for PBXProject "SwiftTools" */ = {
			isa = XCConfigurationList;
			buildConfigurations = (
				8B9143621C8EA5A70088C8F5 /* Debug */,
				8B9143631C8EA5A70088C8F5 /* Release */,
			);
			defaultConfigurationIsVisible = 0;
			defaultConfigurationName = Release;
		};
		8B9143641C8EA5A70088C8F5 /* Build configuration list for PBXNativeTarget "SwiftTools" */ = {
			isa = XCConfigurationList;
			buildConfigurations = (
				8B9143651C8EA5A70088C8F5 /* Debug */,
				8B9143661C8EA5A70088C8F5 /* Release */,
			);
			defaultConfigurationIsVisible = 0;
			defaultConfigurationName = Release;
		};
/* End XCConfigurationList section */
	};
	rootObject = 8B9143531C8EA5A70088C8F5 /* Project object */;
}
